// !$*UTF8*$!
{
	archiveVersion = 1;
	classes = {
	};
	objectVersion = 46;
	objects = {

/* Begin PBXBuildFile section */
		5CCBC3DF3943B07CB9C49240 /* Pods_FirstApp.framework in Frameworks */ = {isa = PBXBuildFile; fileRef = 3BE983FBB6C0ADB33944381F /* Pods_FirstApp.framework */; };
		920050671EF2A4EB00DF6DD5 /* Trip.swift in Sources */ = {isa = PBXBuildFile; fileRef = 920050661EF2A4EB00DF6DD5 /* Trip.swift */; };
		920050691EF2C83700DF6DD5 /* RideOptionDetailViewController.swift in Sources */ = {isa = PBXBuildFile; fileRef = 920050681EF2C83700DF6DD5 /* RideOptionDetailViewController.swift */; };
		922CF4BB1EF2D8E800A7CF37 /* TripRealm.swift in Sources */ = {isa = PBXBuildFile; fileRef = 922CF4BA1EF2D8E800A7CF37 /* TripRealm.swift */; };
		92E25AF51EEEEFF000B6B9C5 /* AppDelegate.swift in Sources */ = {isa = PBXBuildFile; fileRef = 92E25AF41EEEEFF000B6B9C5 /* AppDelegate.swift */; };
		92E25AFA1EEEEFF000B6B9C5 /* Main.storyboard in Resources */ = {isa = PBXBuildFile; fileRef = 92E25AF81EEEEFF000B6B9C5 /* Main.storyboard */; };
		92E25AFC1EEEEFF000B6B9C5 /* Assets.xcassets in Resources */ = {isa = PBXBuildFile; fileRef = 92E25AFB1EEEEFF000B6B9C5 /* Assets.xcassets */; };
		92E25AFF1EEEEFF000B6B9C5 /* LaunchScreen.storyboard in Resources */ = {isa = PBXBuildFile; fileRef = 92E25AFD1EEEEFF000B6B9C5 /* LaunchScreen.storyboard */; };
		92E25B071EEF011200B6B9C5 /* RidingOrDrivingViewController.swift in Sources */ = {isa = PBXBuildFile; fileRef = 92E25B061EEF011200B6B9C5 /* RidingOrDrivingViewController.swift */; };
		92E25B091EEF012300B6B9C5 /* ProfileViewController.swift in Sources */ = {isa = PBXBuildFile; fileRef = 92E25B081EEF012300B6B9C5 /* ProfileViewController.swift */; };
		92E25B0B1EEF013C00B6B9C5 /* AddRideViewController.swift in Sources */ = {isa = PBXBuildFile; fileRef = 92E25B0A1EEF013C00B6B9C5 /* AddRideViewController.swift */; };
		92E25B0D1EEF014900B6B9C5 /* AddDriveViewController.swift in Sources */ = {isa = PBXBuildFile; fileRef = 92E25B0C1EEF014900B6B9C5 /* AddDriveViewController.swift */; };
		92E25B0F1EEF016000B6B9C5 /* RideOptionsTableViewController.swift in Sources */ = {isa = PBXBuildFile; fileRef = 92E25B0E1EEF016000B6B9C5 /* RideOptionsTableViewController.swift */; };
		92E25B131EEF019F00B6B9C5 /* RideSuccessfullyAddedViewController.swift in Sources */ = {isa = PBXBuildFile; fileRef = 92E25B121EEF019F00B6B9C5 /* RideSuccessfullyAddedViewController.swift */; };
		92E25B191EEF01EE00B6B9C5 /* MyRideDetailsViewController.swift in Sources */ = {isa = PBXBuildFile; fileRef = 92E25B181EEF01EE00B6B9C5 /* MyRideDetailsViewController.swift */; };
		92E25B1B1EEF01F700B6B9C5 /* MyDriveDetailsViewController.swift in Sources */ = {isa = PBXBuildFile; fileRef = 92E25B1A1EEF01F700B6B9C5 /* MyDriveDetailsViewController.swift */; };
		92E25B1D1EEF024200B6B9C5 /* MyRidesTableViewController.swift in Sources */ = {isa = PBXBuildFile; fileRef = 92E25B1C1EEF024200B6B9C5 /* MyRidesTableViewController.swift */; };
		92E25B211EEFC79F00B6B9C5 /* GoogleService-Info.plist in Resources */ = {isa = PBXBuildFile; fileRef = 92E25B201EEFC79F00B6B9C5 /* GoogleService-Info.plist */; };
		92E25B231EEFDE5A00B6B9C5 /* DriveSuccessfullyAddedViewController.swift in Sources */ = {isa = PBXBuildFile; fileRef = 92E25B221EEFDE5A00B6B9C5 /* DriveSuccessfullyAddedViewController.swift */; };
		92E25B451EF0309400B6B9C5 /* UserLoginViewController.swift in Sources */ = {isa = PBXBuildFile; fileRef = 92E25B441EF0309400B6B9C5 /* UserLoginViewController.swift */; };
/* End PBXBuildFile section */

/* Begin PBXFileReference section */
		03D50C8CB3A10605AC587A2B /* Pods-FirstApp.release.xcconfig */ = {isa = PBXFileReference; includeInIndex = 1; lastKnownFileType = text.xcconfig; name = "Pods-FirstApp.release.xcconfig"; path = "Pods/Target Support Files/Pods-FirstApp/Pods-FirstApp.release.xcconfig"; sourceTree = "<group>"; };
		117F217A4CCE0A8F878698B0 /* Pods-FirstApp.debug.xcconfig */ = {isa = PBXFileReference; includeInIndex = 1; lastKnownFileType = text.xcconfig; name = "Pods-FirstApp.debug.xcconfig"; path = "Pods/Target Support Files/Pods-FirstApp/Pods-FirstApp.debug.xcconfig"; sourceTree = "<group>"; };
		3BE983FBB6C0ADB33944381F /* Pods_FirstApp.framework */ = {isa = PBXFileReference; explicitFileType = wrapper.framework; includeInIndex = 0; path = Pods_FirstApp.framework; sourceTree = BUILT_PRODUCTS_DIR; };
		920050661EF2A4EB00DF6DD5 /* Trip.swift */ = {isa = PBXFileReference; fileEncoding = 4; lastKnownFileType = sourcecode.swift; path = Trip.swift; sourceTree = "<group>"; };
		920050681EF2C83700DF6DD5 /* RideOptionDetailViewController.swift */ = {isa = PBXFileReference; fileEncoding = 4; lastKnownFileType = sourcecode.swift; path = RideOptionDetailViewController.swift; sourceTree = "<group>"; };
		922CF4BA1EF2D8E800A7CF37 /* TripRealm.swift */ = {isa = PBXFileReference; fileEncoding = 4; lastKnownFileType = sourcecode.swift; path = TripRealm.swift; sourceTree = "<group>"; };
		92E25AF11EEEEFF000B6B9C5 /* FirstApp.app */ = {isa = PBXFileReference; explicitFileType = wrapper.application; includeInIndex = 0; path = FirstApp.app; sourceTree = BUILT_PRODUCTS_DIR; };
		92E25AF41EEEEFF000B6B9C5 /* AppDelegate.swift */ = {isa = PBXFileReference; lastKnownFileType = sourcecode.swift; path = AppDelegate.swift; sourceTree = "<group>"; };
		92E25AF91EEEEFF000B6B9C5 /* Base */ = {isa = PBXFileReference; lastKnownFileType = file.storyboard; name = Base; path = Base.lproj/Main.storyboard; sourceTree = "<group>"; };
		92E25AFB1EEEEFF000B6B9C5 /* Assets.xcassets */ = {isa = PBXFileReference; lastKnownFileType = folder.assetcatalog; path = Assets.xcassets; sourceTree = "<group>"; };
		92E25AFE1EEEEFF000B6B9C5 /* Base */ = {isa = PBXFileReference; lastKnownFileType = file.storyboard; name = Base; path = Base.lproj/LaunchScreen.storyboard; sourceTree = "<group>"; };
		92E25B001EEEEFF000B6B9C5 /* Info.plist */ = {isa = PBXFileReference; lastKnownFileType = text.plist.xml; path = Info.plist; sourceTree = "<group>"; };
		92E25B061EEF011200B6B9C5 /* RidingOrDrivingViewController.swift */ = {isa = PBXFileReference; fileEncoding = 4; lastKnownFileType = sourcecode.swift; path = RidingOrDrivingViewController.swift; sourceTree = "<group>"; };
		92E25B081EEF012300B6B9C5 /* ProfileViewController.swift */ = {isa = PBXFileReference; fileEncoding = 4; lastKnownFileType = sourcecode.swift; path = ProfileViewController.swift; sourceTree = "<group>"; };
		92E25B0A1EEF013C00B6B9C5 /* AddRideViewController.swift */ = {isa = PBXFileReference; fileEncoding = 4; lastKnownFileType = sourcecode.swift; path = AddRideViewController.swift; sourceTree = "<group>"; };
		92E25B0C1EEF014900B6B9C5 /* AddDriveViewController.swift */ = {isa = PBXFileReference; fileEncoding = 4; lastKnownFileType = sourcecode.swift; path = AddDriveViewController.swift; sourceTree = "<group>"; };
		92E25B0E1EEF016000B6B9C5 /* RideOptionsTableViewController.swift */ = {isa = PBXFileReference; fileEncoding = 4; lastKnownFileType = sourcecode.swift; path = RideOptionsTableViewController.swift; sourceTree = "<group>"; };
		92E25B121EEF019F00B6B9C5 /* RideSuccessfullyAddedViewController.swift */ = {isa = PBXFileReference; fileEncoding = 4; lastKnownFileType = sourcecode.swift; path = RideSuccessfullyAddedViewController.swift; sourceTree = "<group>"; };
		92E25B181EEF01EE00B6B9C5 /* MyRideDetailsViewController.swift */ = {isa = PBXFileReference; fileEncoding = 4; lastKnownFileType = sourcecode.swift; path = MyRideDetailsViewController.swift; sourceTree = "<group>"; };
		92E25B1A1EEF01F700B6B9C5 /* MyDriveDetailsViewController.swift */ = {isa = PBXFileReference; fileEncoding = 4; lastKnownFileType = sourcecode.swift; path = MyDriveDetailsViewController.swift; sourceTree = "<group>"; };
		92E25B1C1EEF024200B6B9C5 /* MyRidesTableViewController.swift */ = {isa = PBXFileReference; fileEncoding = 4; lastKnownFileType = sourcecode.swift; name = MyRidesTableViewController.swift; path = ../MyRidesTableViewController.swift; sourceTree = "<group>"; };
		92E25B201EEFC79F00B6B9C5 /* GoogleService-Info.plist */ = {isa = PBXFileReference; fileEncoding = 4; lastKnownFileType = text.plist.xml; path = "GoogleService-Info.plist"; sourceTree = "<group>"; };
		92E25B221EEFDE5A00B6B9C5 /* DriveSuccessfullyAddedViewController.swift */ = {isa = PBXFileReference; fileEncoding = 4; lastKnownFileType = sourcecode.swift; path = DriveSuccessfullyAddedViewController.swift; sourceTree = "<group>"; };
		92E25B441EF0309400B6B9C5 /* UserLoginViewController.swift */ = {isa = PBXFileReference; fileEncoding = 4; lastKnownFileType = sourcecode.swift; path = UserLoginViewController.swift; sourceTree = "<group>"; };
/* End PBXFileReference section */

/* Begin PBXFrameworksBuildPhase section */
		92E25AEE1EEEEFF000B6B9C5 /* Frameworks */ = {
			isa = PBXFrameworksBuildPhase;
			buildActionMask = 2147483647;
			files = (
				5CCBC3DF3943B07CB9C49240 /* Pods_FirstApp.framework in Frameworks */,
			);
			runOnlyForDeploymentPostprocessing = 0;
		};
/* End PBXFrameworksBuildPhase section */

/* Begin PBXGroup section */
		27C52AA63D079FD06A617044 /* Pods */ = {
			isa = PBXGroup;
			children = (
				117F217A4CCE0A8F878698B0 /* Pods-FirstApp.debug.xcconfig */,
				03D50C8CB3A10605AC587A2B /* Pods-FirstApp.release.xcconfig */,
			);
			name = Pods;
			sourceTree = "<group>";
		};
		2F4AB4EFC4C1F65B825A094D /* Frameworks */ = {
			isa = PBXGroup;
			children = (
				3BE983FBB6C0ADB33944381F /* Pods_FirstApp.framework */,
			);
			name = Frameworks;
			sourceTree = "<group>";
		};
		92E25AE81EEEEFF000B6B9C5 = {
			isa = PBXGroup;
			children = (
				92E25AF31EEEEFF000B6B9C5 /* FirstApp */,
				92E25AF21EEEEFF000B6B9C5 /* Products */,
				27C52AA63D079FD06A617044 /* Pods */,
				2F4AB4EFC4C1F65B825A094D /* Frameworks */,
			);
			sourceTree = "<group>";
		};
		92E25AF21EEEEFF000B6B9C5 /* Products */ = {
			isa = PBXGroup;
			children = (
				92E25AF11EEEEFF000B6B9C5 /* FirstApp.app */,
			);
			name = Products;
			sourceTree = "<group>";
		};
		92E25AF31EEEEFF000B6B9C5 /* FirstApp */ = {
			isa = PBXGroup;
			children = (
				92E25AF81EEEEFF000B6B9C5 /* Main.storyboard */,
				92E25B441EF0309400B6B9C5 /* UserLoginViewController.swift */,
				92E25B1C1EEF024200B6B9C5 /* MyRidesTableViewController.swift */,
				92E25AF41EEEEFF000B6B9C5 /* AppDelegate.swift */,
				92E25B181EEF01EE00B6B9C5 /* MyRideDetailsViewController.swift */,
				92E25B221EEFDE5A00B6B9C5 /* DriveSuccessfullyAddedViewController.swift */,
				92E25B1A1EEF01F700B6B9C5 /* MyDriveDetailsViewController.swift */,
				92E25B121EEF019F00B6B9C5 /* RideSuccessfullyAddedViewController.swift */,
				92E25B0E1EEF016000B6B9C5 /* RideOptionsTableViewController.swift */,
				920050681EF2C83700DF6DD5 /* RideOptionDetailViewController.swift */,
				92E25B0A1EEF013C00B6B9C5 /* AddRideViewController.swift */,
				92E25B0C1EEF014900B6B9C5 /* AddDriveViewController.swift */,
				920050661EF2A4EB00DF6DD5 /* Trip.swift */,
				922CF4BA1EF2D8E800A7CF37 /* TripRealm.swift */,
				92E25B081EEF012300B6B9C5 /* ProfileViewController.swift */,
				92E25B061EEF011200B6B9C5 /* RidingOrDrivingViewController.swift */,
				92E25AFB1EEEEFF000B6B9C5 /* Assets.xcassets */,
				92E25AFD1EEEEFF000B6B9C5 /* LaunchScreen.storyboard */,
				92E25B001EEEEFF000B6B9C5 /* Info.plist */,
				92E25B201EEFC79F00B6B9C5 /* GoogleService-Info.plist */,
			);
			path = FirstApp;
			sourceTree = "<group>";
		};
/* End PBXGroup section */

/* Begin PBXNativeTarget section */
		92E25AF01EEEEFF000B6B9C5 /* FirstApp */ = {
			isa = PBXNativeTarget;
			buildConfigurationList = 92E25B031EEEEFF000B6B9C5 /* Build configuration list for PBXNativeTarget "FirstApp" */;
			buildPhases = (
				7E5FBB5B63D77C909C5D17F2 /* [CP] Check Pods Manifest.lock */,
				92E25AED1EEEEFF000B6B9C5 /* Sources */,
				92E25AEE1EEEEFF000B6B9C5 /* Frameworks */,
				92E25AEF1EEEEFF000B6B9C5 /* Resources */,
				B66D5848FD634A69BD9F68F8 /* [CP] Embed Pods Frameworks */,
				7AAFB82942378F6B7BD4FAEC /* [CP] Copy Pods Resources */,
			);
			buildRules = (
			);
			dependencies = (
			);
			name = FirstApp;
			productName = FirstApp;
			productReference = 92E25AF11EEEEFF000B6B9C5 /* FirstApp.app */;
			productType = "com.apple.product-type.application";
		};
/* End PBXNativeTarget section */

/* Begin PBXProject section */
		92E25AE91EEEEFF000B6B9C5 /* Project object */ = {
			isa = PBXProject;
			attributes = {
				LastSwiftUpdateCheck = 0830;
				LastUpgradeCheck = 0830;
				ORGANIZATIONNAME = "Ryann Consalo";
				TargetAttributes = {
					92E25AF01EEEEFF000B6B9C5 = {
						CreatedOnToolsVersion = 8.3.2;
						DevelopmentTeam = 8T292GBJ5W;
						ProvisioningStyle = Automatic;
					};
				};
			};
			buildConfigurationList = 92E25AEC1EEEEFF000B6B9C5 /* Build configuration list for PBXProject "FirstApp" */;
			compatibilityVersion = "Xcode 3.2";
			developmentRegion = English;
			hasScannedForEncodings = 0;
			knownRegions = (
				en,
				Base,
			);
			mainGroup = 92E25AE81EEEEFF000B6B9C5;
			productRefGroup = 92E25AF21EEEEFF000B6B9C5 /* Products */;
			projectDirPath = "";
			projectRoot = "";
			targets = (
				92E25AF01EEEEFF000B6B9C5 /* FirstApp */,
			);
		};
/* End PBXProject section */

/* Begin PBXResourcesBuildPhase section */
		92E25AEF1EEEEFF000B6B9C5 /* Resources */ = {
			isa = PBXResourcesBuildPhase;
			buildActionMask = 2147483647;
			files = (
				92E25AFF1EEEEFF000B6B9C5 /* LaunchScreen.storyboard in Resources */,
				92E25AFC1EEEEFF000B6B9C5 /* Assets.xcassets in Resources */,
				92E25B211EEFC79F00B6B9C5 /* GoogleService-Info.plist in Resources */,
				92E25AFA1EEEEFF000B6B9C5 /* Main.storyboard in Resources */,
			);
			runOnlyForDeploymentPostprocessing = 0;
		};
/* End PBXResourcesBuildPhase section */

/* Begin PBXShellScriptBuildPhase section */
		7AAFB82942378F6B7BD4FAEC /* [CP] Copy Pods Resources */ = {
			isa = PBXShellScriptBuildPhase;
			buildActionMask = 2147483647;
			files = (
			);
			inputPaths = (
			);
			name = "[CP] Copy Pods Resources";
			outputPaths = (
			);
			runOnlyForDeploymentPostprocessing = 0;
			shellPath = /bin/sh;
			shellScript = "\"${SRCROOT}/Pods/Target Support Files/Pods-FirstApp/Pods-FirstApp-resources.sh\"\n";
			showEnvVarsInLog = 0;
		};
		7E5FBB5B63D77C909C5D17F2 /* [CP] Check Pods Manifest.lock */ = {
			isa = PBXShellScriptBuildPhase;
			buildActionMask = 2147483647;
			files = (
			);
			inputPaths = (
			);
			name = "[CP] Check Pods Manifest.lock";
			outputPaths = (
			);
			runOnlyForDeploymentPostprocessing = 0;
			shellPath = /bin/sh;
			shellScript = "diff \"${PODS_PODFILE_DIR_PATH}/Podfile.lock\" \"${PODS_ROOT}/Manifest.lock\" > /dev/null\nif [ $? != 0 ] ; then\n    # print error to STDERR\n    echo \"error: The sandbox is not in sync with the Podfile.lock. Run 'pod install' or update your CocoaPods installation.\" >&2\n    exit 1\nfi\n";
			showEnvVarsInLog = 0;
		};
		B66D5848FD634A69BD9F68F8 /* [CP] Embed Pods Frameworks */ = {
			isa = PBXShellScriptBuildPhase;
			buildActionMask = 2147483647;
			files = (
			);
			inputPaths = (
			);
			name = "[CP] Embed Pods Frameworks";
			outputPaths = (
			);
			runOnlyForDeploymentPostprocessing = 0;
			shellPath = /bin/sh;
			shellScript = "\"${SRCROOT}/Pods/Target Support Files/Pods-FirstApp/Pods-FirstApp-frameworks.sh\"\n";
			showEnvVarsInLog = 0;
		};
/* End PBXShellScriptBuildPhase section */

/* Begin PBXSourcesBuildPhase section */
		92E25AED1EEEEFF000B6B9C5 /* Sources */ = {
			isa = PBXSourcesBuildPhase;
			buildActionMask = 2147483647;
			files = (
				92E25B071EEF011200B6B9C5 /* RidingOrDrivingViewController.swift in Sources */,
				92E25B231EEFDE5A00B6B9C5 /* DriveSuccessfullyAddedViewController.swift in Sources */,
				92E25B0B1EEF013C00B6B9C5 /* AddRideViewController.swift in Sources */,
				92E25B0F1EEF016000B6B9C5 /* RideOptionsTableViewController.swift in Sources */,
				92E25B1B1EEF01F700B6B9C5 /* MyDriveDetailsViewController.swift in Sources */,
				92E25B091EEF012300B6B9C5 /* ProfileViewController.swift in Sources */,
				92E25B451EF0309400B6B9C5 /* UserLoginViewController.swift in Sources */,
				920050691EF2C83700DF6DD5 /* RideOptionDetailViewController.swift in Sources */,
				92E25B131EEF019F00B6B9C5 /* RideSuccessfullyAddedViewController.swift in Sources */,
				92E25B191EEF01EE00B6B9C5 /* MyRideDetailsViewController.swift in Sources */,
				922CF4BB1EF2D8E800A7CF37 /* TripRealm.swift in Sources */,
				92E25AF51EEEEFF000B6B9C5 /* AppDelegate.swift in Sources */,
				92E25B1D1EEF024200B6B9C5 /* MyRidesTableViewController.swift in Sources */,
				92E25B0D1EEF014900B6B9C5 /* AddDriveViewController.swift in Sources */,
				920050671EF2A4EB00DF6DD5 /* Trip.swift in Sources */,
			);
			runOnlyForDeploymentPostprocessing = 0;
		};
/* End PBXSourcesBuildPhase section */

/* Begin PBXVariantGroup section */
		92E25AF81EEEEFF000B6B9C5 /* Main.storyboard */ = {
			isa = PBXVariantGroup;
			children = (
				92E25AF91EEEEFF000B6B9C5 /* Base */,
			);
			name = Main.storyboard;
			sourceTree = "<group>";
		};
		92E25AFD1EEEEFF000B6B9C5 /* LaunchScreen.storyboard */ = {
			isa = PBXVariantGroup;
			children = (
				92E25AFE1EEEEFF000B6B9C5 /* Base */,
			);
			name = LaunchScreen.storyboard;
			sourceTree = "<group>";
		};
/* End PBXVariantGroup section */

/* Begin XCBuildConfiguration section */
		92E25B011EEEEFF000B6B9C5 /* Debug */ = {
			isa = XCBuildConfiguration;
			buildSettings = {
				ALWAYS_SEARCH_USER_PATHS = NO;
				CLANG_ANALYZER_NONNULL = YES;
				CLANG_ANALYZER_NUMBER_OBJECT_CONVERSION = YES_AGGRESSIVE;
				CLANG_CXX_LANGUAGE_STANDARD = "gnu++0x";
				CLANG_CXX_LIBRARY = "libc++";
				CLANG_ENABLE_MODULES = YES;
				CLANG_ENABLE_OBJC_ARC = YES;
				CLANG_WARN_BOOL_CONVERSION = YES;
				CLANG_WARN_CONSTANT_CONVERSION = YES;
				CLANG_WARN_DIRECT_OBJC_ISA_USAGE = YES_ERROR;
				CLANG_WARN_DOCUMENTATION_COMMENTS = YES;
				CLANG_WARN_EMPTY_BODY = YES;
				CLANG_WARN_ENUM_CONVERSION = YES;
				CLANG_WARN_INFINITE_RECURSION = YES;
				CLANG_WARN_INT_CONVERSION = YES;
				CLANG_WARN_OBJC_ROOT_CLASS = YES_ERROR;
				CLANG_WARN_SUSPICIOUS_MOVE = YES;
				CLANG_WARN_UNREACHABLE_CODE = YES;
				CLANG_WARN__DUPLICATE_METHOD_MATCH = YES;
				"CODE_SIGN_IDENTITY[sdk=iphoneos*]" = "iPhone Developer";
				COPY_PHASE_STRIP = NO;
				DEBUG_INFORMATION_FORMAT = dwarf;
				ENABLE_STRICT_OBJC_MSGSEND = YES;
				ENABLE_TESTABILITY = YES;
				GCC_C_LANGUAGE_STANDARD = gnu99;
				GCC_DYNAMIC_NO_PIC = NO;
				GCC_NO_COMMON_BLOCKS = YES;
				GCC_OPTIMIZATION_LEVEL = 0;
				GCC_PREPROCESSOR_DEFINITIONS = (
					"DEBUG=1",
					"$(inherited)",
				);
				GCC_WARN_64_TO_32_BIT_CONVERSION = YES;
				GCC_WARN_ABOUT_RETURN_TYPE = YES_ERROR;
				GCC_WARN_UNDECLARED_SELECTOR = YES;
				GCC_WARN_UNINITIALIZED_AUTOS = YES_AGGRESSIVE;
				GCC_WARN_UNUSED_FUNCTION = YES;
				GCC_WARN_UNUSED_VARIABLE = YES;
				IPHONEOS_DEPLOYMENT_TARGET = 10.3;
				MTL_ENABLE_DEBUG_INFO = YES;
				ONLY_ACTIVE_ARCH = YES;
				SDKROOT = iphoneos;
				SWIFT_ACTIVE_COMPILATION_CONDITIONS = DEBUG;
				SWIFT_OPTIMIZATION_LEVEL = "-Onone";
				TARGETED_DEVICE_FAMILY = "1,2";
			};
			name = Debug;
		};
		92E25B021EEEEFF000B6B9C5 /* Release */ = {
			isa = XCBuildConfiguration;
			buildSettings = {
				ALWAYS_SEARCH_USER_PATHS = NO;
				CLANG_ANALYZER_NONNULL = YES;
				CLANG_ANALYZER_NUMBER_OBJECT_CONVERSION = YES_AGGRESSIVE;
				CLANG_CXX_LANGUAGE_STANDARD = "gnu++0x";
				CLANG_CXX_LIBRARY = "libc++";
				CLANG_ENABLE_MODULES = YES;
				CLANG_ENABLE_OBJC_ARC = YES;
				CLANG_WARN_BOOL_CONVERSION = YES;
				CLANG_WARN_CONSTANT_CONVERSION = YES;
				CLANG_WARN_DIRECT_OBJC_ISA_USAGE = YES_ERROR;
				CLANG_WARN_DOCUMENTATION_COMMENTS = YES;
				CLANG_WARN_EMPTY_BODY = YES;
				CLANG_WARN_ENUM_CONVERSION = YES;
				CLANG_WARN_INFINITE_RECURSION = YES;
				CLANG_WARN_INT_CONVERSION = YES;
				CLANG_WARN_OBJC_ROOT_CLASS = YES_ERROR;
				CLANG_WARN_SUSPICIOUS_MOVE = YES;
				CLANG_WARN_UNREACHABLE_CODE = YES;
				CLANG_WARN__DUPLICATE_METHOD_MATCH = YES;
				"CODE_SIGN_IDENTITY[sdk=iphoneos*]" = "iPhone Developer";
				COPY_PHASE_STRIP = NO;
				DEBUG_INFORMATION_FORMAT = "dwarf-with-dsym";
				ENABLE_NS_ASSERTIONS = NO;
				ENABLE_STRICT_OBJC_MSGSEND = YES;
				GCC_C_LANGUAGE_STANDARD = gnu99;
				GCC_NO_COMMON_BLOCKS = YES;
				GCC_WARN_64_TO_32_BIT_CONVERSION = YES;
				GCC_WARN_ABOUT_RETURN_TYPE = YES_ERROR;
				GCC_WARN_UNDECLARED_SELECTOR = YES;
				GCC_WARN_UNINITIALIZED_AUTOS = YES_AGGRESSIVE;
				GCC_WARN_UNUSED_FUNCTION = YES;
				GCC_WARN_UNUSED_VARIABLE = YES;
				IPHONEOS_DEPLOYMENT_TARGET = 10.3;
				MTL_ENABLE_DEBUG_INFO = NO;
				SDKROOT = iphoneos;
				SWIFT_OPTIMIZATION_LEVEL = "-Owholemodule";
				TARGETED_DEVICE_FAMILY = "1,2";
				VALIDATE_PRODUCT = YES;
			};
			name = Release;
		};
		92E25B041EEEEFF000B6B9C5 /* Debug */ = {
			isa = XCBuildConfiguration;
			baseConfigurationReference = 117F217A4CCE0A8F878698B0 /* Pods-FirstApp.debug.xcconfig */;
			buildSettings = {
				ASSETCATALOG_COMPILER_APPICON_NAME = AppIcon;
				DEVELOPMENT_TEAM = 8T292GBJ5W;
				INFOPLIST_FILE = FirstApp/Info.plist;
				LD_RUNPATH_SEARCH_PATHS = "$(inherited) @executable_path/Frameworks";
				PRODUCT_BUNDLE_IDENTIFIER = "Ryann-Consalo.FirstApp";
				PRODUCT_NAME = "$(TARGET_NAME)";
				SWIFT_VERSION = 3.0;
			};
			name = Debug;
		};
		92E25B051EEEEFF000B6B9C5 /* Release */ = {
			isa = XCBuildConfiguration;
			baseConfigurationReference = 03D50C8CB3A10605AC587A2B /* Pods-FirstApp.release.xcconfig */;
			buildSettings = {
				ASSETCATALOG_COMPILER_APPICON_NAME = AppIcon;
				DEVELOPMENT_TEAM = 8T292GBJ5W;
				INFOPLIST_FILE = FirstApp/Info.plist;
				LD_RUNPATH_SEARCH_PATHS = "$(inherited) @executable_path/Frameworks";
				PRODUCT_BUNDLE_IDENTIFIER = "Ryann-Consalo.FirstApp";
				PRODUCT_NAME = "$(TARGET_NAME)";
				SWIFT_VERSION = 3.0;
			};
			name = Release;
		};
/* End XCBuildConfiguration section */

/* Begin XCConfigurationList section */
		92E25AEC1EEEEFF000B6B9C5 /* Build configuration list for PBXProject "FirstApp" */ = {
			isa = XCConfigurationList;
			buildConfigurations = (
				92E25B011EEEEFF000B6B9C5 /* Debug */,
				92E25B021EEEEFF000B6B9C5 /* Release */,
			);
			defaultConfigurationIsVisible = 0;
			defaultConfigurationName = Release;
		};
		92E25B031EEEEFF000B6B9C5 /* Build configuration list for PBXNativeTarget "FirstApp" */ = {
			isa = XCConfigurationList;
			buildConfigurations = (
				92E25B041EEEEFF000B6B9C5 /* Debug */,
				92E25B051EEEEFF000B6B9C5 /* Release */,
			);
			defaultConfigurationIsVisible = 0;
			defaultConfigurationName = Release;
		};
/* End XCConfigurationList section */
	};
	rootObject = 92E25AE91EEEEFF000B6B9C5 /* Project object */;
}
